
Microsoft Visual Studio Solution File, Format Version 12.00
# Visual Studio Version 17
VisualStudioVersion = 17.1.32228.430
MinimumVisualStudioVersion = 10.0.40219.1
Project("{FAE04EC0-301F-11D3-BF4B-00C04F79EFBC}") = "StoreFront.UI.MVC", "StoreFront.UI.MVC\StoreFront.UI.MVC.csproj", "{58F1A3E5-4772-4DB1-895E-45C2A6EDF074}"
EndProject
Project("{FAE04EC0-301F-11D3-BF4B-00C04F79EFBC}") = "StoreFront.DATA.EF", "StoreFront.DATA.EF\StoreFront.DATA.EF.csproj", "{F88E4918-6A52-4497-8BC2-E02B0FCE4E4B}"
EndProject
Global
	GlobalSection(SolutionConfigurationPlatforms) = preSolution
		Debug|Any CPU = Debug|Any CPU
		Release|Any CPU = Release|Any CPU
	EndGlobalSection
	GlobalSection(ProjectConfigurationPlatforms) = postSolution
		{58F1A3E5-4772-4DB1-895E-45C2A6EDF074}.Debug|Any CPU.ActiveCfg = Debug|Any CPU
		{58F1A3E5-4772-4DB1-895E-45C2A6EDF074}.Debug|Any CPU.Build.0 = Debug|Any CPU
		{58F1A3E5-4772-4DB1-895E-45C2A6EDF074}.Release|Any CPU.ActiveCfg = Release|Any CPU
		{58F1A3E5-4772-4DB1-895E-45C2A6EDF074}.Release|Any CPU.Build.0 = Release|Any CPU
		{F88E4918-6A52-4497-8BC2-E02B0FCE4E4B}.Debug|Any CPU.ActiveCfg = Debug|Any CPU
		{F88E4918-6A52-4497-8BC2-E02B0FCE4E4B}.Debug|Any CPU.Build.0 = Debug|Any CPU
		{F88E4918-6A52-4497-8BC2-E02B0FCE4E4B}.Release|Any CPU.ActiveCfg = Release|Any CPU
		{F88E4918-6A52-4497-8BC2-E02B0FCE4E4B}.Release|Any CPU.Build.0 = Release|Any CPU
	EndGlobalSection
	GlobalSection(SolutionProperties) = preSolution
		HideSolutionNode = FALSE
	EndGlobalSection
	GlobalSection(ExtensibilityGlobals) = postSolution
		SolutionGuid = {25E8AA11-03EA-4644-AC3C-90EFCE41A070}
	EndGlobalSection
EndGlobal
